# THIS IS AN AUTOGENERATED FILE. DO NOT EDIT THIS FILE DIRECTLY.
# yarn lockfile v1


bs-abstract@^0.18.0:
  version "0.18.0"
  resolved "https://registry.yarnpkg.com/bs-abstract/-/bs-abstract-0.18.0.tgz#5ea6d131aaa8b1738832eca472c12d9e9ab6968a"

bs-decode@^0.9.0:
  version "0.9.0"
  resolved "https://registry.yarnpkg.com/bs-decode/-/bs-decode-0.9.0.tgz#f9a766381228898cfbc388939fc7c81287df6092"

bs-platform@^5.2.1:
  version "5.2.1"
  resolved "https://registry.yarnpkg.com/bs-platform/-/bs-platform-5.2.1.tgz#3f76f6d4f4c7255296375a8104c8be332770b691"

reason-future@^2.5.0:
  version "2.5.0"
  resolved "https://registry.yarnpkg.com/reason-future/-/reason-future-2.5.0.tgz#52d91a343f65c6d527cd1cca4685bbc097971c68"

relude@^0.38.0:
  version "0.38.0"
  resolved "https://registry.yarnpkg.com/relude/-/relude-0.38.0.tgz#aca6b20d7638b9fbaf66ffbdaeebdfe1da4b92a3"
